// !$*UTF8*$!
{
	archiveVersion = 1;
	classes = {
	};
	objectVersion = 77;
	objects = {

/* Begin PBXBuildFile section */
		025654866AFF3D381971E0EF /* TripMapViewModel.swift in Sources */ = {isa = PBXBuildFile; fileRef = 3234FDEE2F16C6D90BC9B9A9 /* TripMapViewModel.swift */; };
		04189631CF870AA155336F78 /* MyTripsView.swift in Sources */ = {isa = PBXBuildFile; fileRef = 97504FAC9A19A4FDA601D7CE /* MyTripsView.swift */; };
		043CB15CC8083DA5E367272B /* TripExecutionView.swift in Sources */ = {isa = PBXBuildFile; fileRef = 1842B48F6A2C877BF11FC005 /* TripExecutionView.swift */; };
		05E85BA181DD74AABA68FC81 /* AudioTourSetupSheet.swift in Sources */ = {isa = PBXBuildFile; fileRef = FC11E68B4F2766203A55CE93 /* AudioTourSetupSheet.swift */; };
		07D4F21928C44CB41E3C902B /* TripImportDocument.swift in Sources */ = {isa = PBXBuildFile; fileRef = 887E8BAAE6FBA962752B7074 /* TripImportDocument.swift */; };
		09054D6357ABC53284C2397C /* TripMapView.swift in Sources */ = {isa = PBXBuildFile; fileRef = 2769179E77F7BFB9E9DFC165 /* TripMapView.swift */; };
		1309D9AFB4385F544EA74F1D /* ContextBannerView.swift in Sources */ = {isa = PBXBuildFile; fileRef = 91BCFD94ED0C659C650E7F6B /* ContextBannerView.swift */; };
		15B59CA8A876BF3CEFC50C9C /* TripExecutionState.swift in Sources */ = {isa = PBXBuildFile; fileRef = FFAFD8FA34E8B9B2EB2C3717 /* TripExecutionState.swift */; };
		16440F221E53968521D20EDB /* AudioTourViewModel.swift in Sources */ = {isa = PBXBuildFile; fileRef = 67A42931275D09398EE365E4 /* AudioTourViewModel.swift */; };
		16464845E88824D2FB51C808 /* ChatView.swift in Sources */ = {isa = PBXBuildFile; fileRef = CD75AA154E71DE7218CA55A5 /* ChatView.swift */; };
		17C10CADD1572932681EEF32 /* TripRepository.swift in Sources */ = {isa = PBXBuildFile; fileRef = 1E2CC621DB71898720BE97F0 /* TripRepository.swift */; };
		1B049EBFC62C5128D9A3DED4 /* TripImportV2.swift in Sources */ = {isa = PBXBuildFile; fileRef = 72C8416F2B10548138BE13EE /* TripImportV2.swift */; };
		1F7D85834BCE2313DD60F192 /* ReviewRepository.swift in Sources */ = {isa = PBXBuildFile; fileRef = 151B39ED672ABA2005174F24 /* ReviewRepository.swift */; };
		2A1C3F23572EC6AAADB6D7EF /* AppIcon.png in Resources */ = {isa = PBXBuildFile; fileRef = 8F6C4AD6A185D9C304FA2757 /* AppIcon.png */; };
		2AA57DD0A708B2A6BB434913 /* PlacesBoardView.swift in Sources */ = {isa = PBXBuildFile; fileRef = 9E4F9D33A9BBAFF7B093FE27 /* PlacesBoardView.swift */; };
		2CCFF08DB28D2C6166C3B340 /* PlaceDetailSheet.swift in Sources */ = {isa = PBXBuildFile; fileRef = FBBA45B0EA005D33C12B55DF /* PlaceDetailSheet.swift */; };
		2EC7EAFA461265BD715F5AD1 /* StopExecutionState.swift in Sources */ = {isa = PBXBuildFile; fileRef = 9031744B6360739814873AC3 /* StopExecutionState.swift */; };
		2FB5AB6F23CCE1152674EE5D /* TripImportService.swift in Sources */ = {isa = PBXBuildFile; fileRef = 43AAE84A1ED2BFA00378DD70 /* TripImportService.swift */; };
		31A9719B9E79C15E80B2E007 /* AudioTourAPIModels.swift in Sources */ = {isa = PBXBuildFile; fileRef = 7DEB6B85EEE0B5F6BCC8691C /* AudioTourAPIModels.swift */; };
		31DCE8C947F7F736DB8FBBCB /* MainTabView.swift in Sources */ = {isa = PBXBuildFile; fileRef = AFD239CBAC54A39861F3E18C /* MainTabView.swift */; };
		390A971FF7FBB2342318D5C4 /* SampleTripService.swift in Sources */ = {isa = PBXBuildFile; fileRef = 9F2B29DD63147E221D4C2122 /* SampleTripService.swift */; };
		3E610470BAD305A337056163 /* AudioTourStatus.swift in Sources */ = {isa = PBXBuildFile; fileRef = FF3A0AACE3740C3D42AD9C5D /* AudioTourStatus.swift */; };
		4B6800F8AA6F71681A1187A2 /* ProfileView.swift in Sources */ = {isa = PBXBuildFile; fileRef = 148E24C0CF5C518B7F88BC9A /* ProfileView.swift */; };
		53C2D9DC23B445499A01F8BF /* LoadingScreenImage.png in Resources */ = {isa = PBXBuildFile; fileRef = 272455224A0E7888AE50FFB3 /* LoadingScreenImage.png */; };
		5C07716E6BA76EF7F18FB493 /* AudioTourPlayerView.swift in Sources */ = {isa = PBXBuildFile; fileRef = 990BEF023AEE526F24FE148C /* AudioTourPlayerView.swift */; };
		5E483A35429E3E2E784CA11B /* StoredTrip.swift in Sources */ = {isa = PBXBuildFile; fileRef = 6EE32B381D1A2EA25B5F9DA8 /* StoredTrip.swift */; };
		6BDAB62EF68B373DFF1ABE48 /* StoredAudioTour.swift in Sources */ = {isa = PBXBuildFile; fileRef = 5978D6C094B7AAFE6B41B145 /* StoredAudioTour.swift */; };
		6FBFF0A083AF68C1A1EDE2DB /* PreferenceExportDocument.swift in Sources */ = {isa = PBXBuildFile; fileRef = 612AECF2B5E9C0B86BD89777 /* PreferenceExportDocument.swift */; };
		758E753A14801CAF50E6D428 /* sample_trip.json in Resources */ = {isa = PBXBuildFile; fileRef = 8286C64A40EFADC3208A5BF6 /* sample_trip.json */; };
		7A8FC6577CFCED6E92432D3A /* LocationImageService.swift in Sources */ = {isa = PBXBuildFile; fileRef = B974B067198D1610EBEF7815 /* LocationImageService.swift */; };
		7D493A9F4B94802E96328A3A /* PreferenceEditorSheet.swift in Sources */ = {isa = PBXBuildFile; fileRef = 5A122C3F78C783AAD687897F /* PreferenceEditorSheet.swift */; };
		7E59BEDF942E966E6ED2977D /* ChatViewModel.swift in Sources */ = {isa = PBXBuildFile; fileRef = 40BFF23255B4E959292735A3 /* ChatViewModel.swift */; };
		8205024E3B3725B472591C4D /* AudioTourPlayerService.swift in Sources */ = {isa = PBXBuildFile; fileRef = B52D401D959F1C7F06A6D92F /* AudioTourPlayerService.swift */; };
		8C6CB12159FEB1A3C3B4005B /* ChatModels.swift in Sources */ = {isa = PBXBuildFile; fileRef = 7CD9C00B6B8AB0774A84AE47 /* ChatModels.swift */; };
		8E5650E6790A7EF7ED95578D /* ChatAPIService.swift in Sources */ = {isa = PBXBuildFile; fileRef = A23E0E756298105601F165B7 /* ChatAPIService.swift */; };
		8F9589518A61FE527FC4DFD9 /* DayMapView.swift in Sources */ = {isa = PBXBuildFile; fileRef = FDE86BFA79DC3FF927073AD5 /* DayMapView.swift */; };
		9AC89A33911BBA07575B4E16 /* HomeView.swift in Sources */ = {isa = PBXBuildFile; fileRef = 7B0A20E3D697B750FCE6691D /* HomeView.swift */; };
		9EDDBEF2B5F3D10009FD5F81 /* AppContainer.swift in Sources */ = {isa = PBXBuildFile; fileRef = D74C64F99CEED16BD685ECE9 /* AppContainer.swift */; };
		A03EF15D5FCDE9C3DE374C83 /* PreferenceService.swift in Sources */ = {isa = PBXBuildFile; fileRef = E094D9024A82890366FCAC13 /* PreferenceService.swift */; };
		A603F6CAA9839DC7983C2893 /* WanderAIApp.swift in Sources */ = {isa = PBXBuildFile; fileRef = 6AD261E1401044E3A7A18151 /* WanderAIApp.swift */; };
		A88CE8F0253B3071B01C2D7C /* ExecutionStopCard.swift in Sources */ = {isa = PBXBuildFile; fileRef = 5512114D86C092D8028D7A8A /* ExecutionStopCard.swift */; };
		A929CD2EE6DB85B4EABC737C /* AIConversationContext.swift in Sources */ = {isa = PBXBuildFile; fileRef = 882CAA932B664EDCEB4F63CA /* AIConversationContext.swift */; };
		AE0CB70D9E5AC89B9E28554D /* AudioTourDownloadService.swift in Sources */ = {isa = PBXBuildFile; fileRef = E1720742A609881B207445AA /* AudioTourDownloadService.swift */; };
		BB4C9C2A3C64BD6A30F39481 /* AudioTourCard.swift in Sources */ = {isa = PBXBuildFile; fileRef = 165EB4DF93379F49AE1984CF /* AudioTourCard.swift */; };
		C3F50F87DD1F64C19C9FCF60 /* AppRouter.swift in Sources */ = {isa = PBXBuildFile; fileRef = 3FB3EFE0CFB69D018B634A5F /* AppRouter.swift */; };
		D6EA4596430B83527E9ACF15 /* StoredPreferences.swift in Sources */ = {isa = PBXBuildFile; fileRef = 2F54D98EE03070897A7FF3A0 /* StoredPreferences.swift */; };
		D7EF66AF0D927BEC878E4027 /* LocalDestinationReview.swift in Sources */ = {isa = PBXBuildFile; fileRef = 2E58DB85E98F504B971CA107 /* LocalDestinationReview.swift */; };
		E2A2471BAD2F0C8555351BFA /* Assets.xcassets in Resources */ = {isa = PBXBuildFile; fileRef = BA2F98453DEADECB71E16782 /* Assets.xcassets */; };
		E6BF60253FA3322D3915B8A2 /* StopReviewSheet.swift in Sources */ = {isa = PBXBuildFile; fileRef = 8D7CE41B80B27745D7020073 /* StopReviewSheet.swift */; };
		E8ABB638D012ED03A52B15EA /* AudioTourAPIService.swift in Sources */ = {isa = PBXBuildFile; fileRef = 8B77B52EFBEADF998ECA1131 /* AudioTourAPIService.swift */; };
		EC8CCC6D521AF639487B7844 /* LocalTripReview.swift in Sources */ = {isa = PBXBuildFile; fileRef = FB44DB204B27325B8E3A07CA /* LocalTripReview.swift */; };
		EF390A08970275C0769CA448 /* StopDetailView.swift in Sources */ = {isa = PBXBuildFile; fileRef = F81C251DF327BC10ABD2A4F3 /* StopDetailView.swift */; };
		F1A8EEFFAB34E760DE37AAB1 /* TripCard.swift in Sources */ = {isa = PBXBuildFile; fileRef = 275B9ACB927090A07CCDC184 /* TripCard.swift */; };
		F231A4EB8DF1569617179597 /* StoredConversation.swift in Sources */ = {isa = PBXBuildFile; fileRef = 24CE45D36375919079FD7B6B /* StoredConversation.swift */; };
		F31E06A1AF7FCA69B7AA2EB4 /* TripIntroView.swift in Sources */ = {isa = PBXBuildFile; fileRef = B0BC0C0EC68421DBA6CCB4F1 /* TripIntroView.swift */; };
		F4C4E64FD46C736E9087B443 /* TripBottomSheet.swift in Sources */ = {isa = PBXBuildFile; fileRef = EEE636F498C79E41A5A081AC /* TripBottomSheet.swift */; };
		FAFD33C399BE7D2AFD59BD0D /* TripExecutionService.swift in Sources */ = {isa = PBXBuildFile; fileRef = 63B75E25035E728422C793E4 /* TripExecutionService.swift */; };
		FB036C1F5574CC3BE43F8139 /* SplashScreenView.swift in Sources */ = {isa = PBXBuildFile; fileRef = 6EFBA532D580E6D2055C5A9E /* SplashScreenView.swift */; };
		FF2B677968DBF0F3E213D65E /* AIConversationStore.swift in Sources */ = {isa = PBXBuildFile; fileRef = 4694F26CDBF9D4197F90E78F /* AIConversationStore.swift */; };
/* End PBXBuildFile section */

/* Begin PBXFileReference section */
		08DDDC15E417FD04CE125D6E /* wanderAI.app */ = {isa = PBXFileReference; includeInIndex = 0; lastKnownFileType = wrapper.application; path = wanderAI.app; sourceTree = BUILT_PRODUCTS_DIR; };
		148E24C0CF5C518B7F88BC9A /* ProfileView.swift */ = {isa = PBXFileReference; lastKnownFileType = sourcecode.swift; path = ProfileView.swift; sourceTree = "<group>"; };
		151B39ED672ABA2005174F24 /* ReviewRepository.swift */ = {isa = PBXFileReference; lastKnownFileType = sourcecode.swift; path = ReviewRepository.swift; sourceTree = "<group>"; };
		165EB4DF93379F49AE1984CF /* AudioTourCard.swift */ = {isa = PBXFileReference; lastKnownFileType = sourcecode.swift; path = AudioTourCard.swift; sourceTree = "<group>"; };
		1842B48F6A2C877BF11FC005 /* TripExecutionView.swift */ = {isa = PBXFileReference; lastKnownFileType = sourcecode.swift; path = TripExecutionView.swift; sourceTree = "<group>"; };
		1E2CC621DB71898720BE97F0 /* TripRepository.swift */ = {isa = PBXFileReference; lastKnownFileType = sourcecode.swift; path = TripRepository.swift; sourceTree = "<group>"; };
		24CE45D36375919079FD7B6B /* StoredConversation.swift */ = {isa = PBXFileReference; lastKnownFileType = sourcecode.swift; path = StoredConversation.swift; sourceTree = "<group>"; };
		272455224A0E7888AE50FFB3 /* LoadingScreenImage.png */ = {isa = PBXFileReference; lastKnownFileType = image.png; path = LoadingScreenImage.png; sourceTree = "<group>"; };
		275B9ACB927090A07CCDC184 /* TripCard.swift */ = {isa = PBXFileReference; lastKnownFileType = sourcecode.swift; path = TripCard.swift; sourceTree = "<group>"; };
		2769179E77F7BFB9E9DFC165 /* TripMapView.swift */ = {isa = PBXFileReference; lastKnownFileType = sourcecode.swift; path = TripMapView.swift; sourceTree = "<group>"; };
		2E58DB85E98F504B971CA107 /* LocalDestinationReview.swift */ = {isa = PBXFileReference; lastKnownFileType = sourcecode.swift; path = LocalDestinationReview.swift; sourceTree = "<group>"; };
		2F54D98EE03070897A7FF3A0 /* StoredPreferences.swift */ = {isa = PBXFileReference; lastKnownFileType = sourcecode.swift; path = StoredPreferences.swift; sourceTree = "<group>"; };
		3234FDEE2F16C6D90BC9B9A9 /* TripMapViewModel.swift */ = {isa = PBXFileReference; lastKnownFileType = sourcecode.swift; path = TripMapViewModel.swift; sourceTree = "<group>"; };
		3FB3EFE0CFB69D018B634A5F /* AppRouter.swift */ = {isa = PBXFileReference; lastKnownFileType = sourcecode.swift; path = AppRouter.swift; sourceTree = "<group>"; };
		40BFF23255B4E959292735A3 /* ChatViewModel.swift */ = {isa = PBXFileReference; lastKnownFileType = sourcecode.swift; path = ChatViewModel.swift; sourceTree = "<group>"; };
		43AAE84A1ED2BFA00378DD70 /* TripImportService.swift */ = {isa = PBXFileReference; lastKnownFileType = sourcecode.swift; path = TripImportService.swift; sourceTree = "<group>"; };
		4694F26CDBF9D4197F90E78F /* AIConversationStore.swift */ = {isa = PBXFileReference; lastKnownFileType = sourcecode.swift; path = AIConversationStore.swift; sourceTree = "<group>"; };
		5512114D86C092D8028D7A8A /* ExecutionStopCard.swift */ = {isa = PBXFileReference; lastKnownFileType = sourcecode.swift; path = ExecutionStopCard.swift; sourceTree = "<group>"; };
		5978D6C094B7AAFE6B41B145 /* StoredAudioTour.swift */ = {isa = PBXFileReference; lastKnownFileType = sourcecode.swift; path = StoredAudioTour.swift; sourceTree = "<group>"; };
		5A122C3F78C783AAD687897F /* PreferenceEditorSheet.swift */ = {isa = PBXFileReference; lastKnownFileType = sourcecode.swift; path = PreferenceEditorSheet.swift; sourceTree = "<group>"; };
		612AECF2B5E9C0B86BD89777 /* PreferenceExportDocument.swift */ = {isa = PBXFileReference; lastKnownFileType = sourcecode.swift; path = PreferenceExportDocument.swift; sourceTree = "<group>"; };
		63B75E25035E728422C793E4 /* TripExecutionService.swift */ = {isa = PBXFileReference; lastKnownFileType = sourcecode.swift; path = TripExecutionService.swift; sourceTree = "<group>"; };
		67A42931275D09398EE365E4 /* AudioTourViewModel.swift */ = {isa = PBXFileReference; lastKnownFileType = sourcecode.swift; path = AudioTourViewModel.swift; sourceTree = "<group>"; };
		6AD261E1401044E3A7A18151 /* WanderAIApp.swift */ = {isa = PBXFileReference; lastKnownFileType = sourcecode.swift; path = WanderAIApp.swift; sourceTree = "<group>"; };
		6EE32B381D1A2EA25B5F9DA8 /* StoredTrip.swift */ = {isa = PBXFileReference; lastKnownFileType = sourcecode.swift; path = StoredTrip.swift; sourceTree = "<group>"; };
		6EFBA532D580E6D2055C5A9E /* SplashScreenView.swift */ = {isa = PBXFileReference; lastKnownFileType = sourcecode.swift; path = SplashScreenView.swift; sourceTree = "<group>"; };
		72C8416F2B10548138BE13EE /* TripImportV2.swift */ = {isa = PBXFileReference; lastKnownFileType = sourcecode.swift; path = TripImportV2.swift; sourceTree = "<group>"; };
		7B0A20E3D697B750FCE6691D /* HomeView.swift */ = {isa = PBXFileReference; lastKnownFileType = sourcecode.swift; path = HomeView.swift; sourceTree = "<group>"; };
		7CD9C00B6B8AB0774A84AE47 /* ChatModels.swift */ = {isa = PBXFileReference; lastKnownFileType = sourcecode.swift; path = ChatModels.swift; sourceTree = "<group>"; };
		7DEB6B85EEE0B5F6BCC8691C /* AudioTourAPIModels.swift */ = {isa = PBXFileReference; lastKnownFileType = sourcecode.swift; path = AudioTourAPIModels.swift; sourceTree = "<group>"; };
		8286C64A40EFADC3208A5BF6 /* sample_trip.json */ = {isa = PBXFileReference; lastKnownFileType = text.json; path = sample_trip.json; sourceTree = "<group>"; };
		882CAA932B664EDCEB4F63CA /* AIConversationContext.swift */ = {isa = PBXFileReference; lastKnownFileType = sourcecode.swift; path = AIConversationContext.swift; sourceTree = "<group>"; };
		887E8BAAE6FBA962752B7074 /* TripImportDocument.swift */ = {isa = PBXFileReference; lastKnownFileType = sourcecode.swift; path = TripImportDocument.swift; sourceTree = "<group>"; };
		8B77B52EFBEADF998ECA1131 /* AudioTourAPIService.swift */ = {isa = PBXFileReference; lastKnownFileType = sourcecode.swift; path = AudioTourAPIService.swift; sourceTree = "<group>"; };
		8D7CE41B80B27745D7020073 /* StopReviewSheet.swift */ = {isa = PBXFileReference; lastKnownFileType = sourcecode.swift; path = StopReviewSheet.swift; sourceTree = "<group>"; };
		8F6C4AD6A185D9C304FA2757 /* AppIcon.png */ = {isa = PBXFileReference; lastKnownFileType = image.png; path = AppIcon.png; sourceTree = "<group>"; };
		9031744B6360739814873AC3 /* StopExecutionState.swift */ = {isa = PBXFileReference; lastKnownFileType = sourcecode.swift; path = StopExecutionState.swift; sourceTree = "<group>"; };
		91BCFD94ED0C659C650E7F6B /* ContextBannerView.swift */ = {isa = PBXFileReference; lastKnownFileType = sourcecode.swift; path = ContextBannerView.swift; sourceTree = "<group>"; };
		97504FAC9A19A4FDA601D7CE /* MyTripsView.swift */ = {isa = PBXFileReference; lastKnownFileType = sourcecode.swift; path = MyTripsView.swift; sourceTree = "<group>"; };
		990BEF023AEE526F24FE148C /* AudioTourPlayerView.swift */ = {isa = PBXFileReference; lastKnownFileType = sourcecode.swift; path = AudioTourPlayerView.swift; sourceTree = "<group>"; };
		9E4F9D33A9BBAFF7B093FE27 /* PlacesBoardView.swift */ = {isa = PBXFileReference; lastKnownFileType = sourcecode.swift; path = PlacesBoardView.swift; sourceTree = "<group>"; };
		9F2B29DD63147E221D4C2122 /* SampleTripService.swift */ = {isa = PBXFileReference; lastKnownFileType = sourcecode.swift; path = SampleTripService.swift; sourceTree = "<group>"; };
		A23E0E756298105601F165B7 /* ChatAPIService.swift */ = {isa = PBXFileReference; lastKnownFileType = sourcecode.swift; path = ChatAPIService.swift; sourceTree = "<group>"; };
		AFD239CBAC54A39861F3E18C /* MainTabView.swift */ = {isa = PBXFileReference; lastKnownFileType = sourcecode.swift; path = MainTabView.swift; sourceTree = "<group>"; };
		B0BC0C0EC68421DBA6CCB4F1 /* TripIntroView.swift */ = {isa = PBXFileReference; lastKnownFileType = sourcecode.swift; path = TripIntroView.swift; sourceTree = "<group>"; };
		B52D401D959F1C7F06A6D92F /* AudioTourPlayerService.swift */ = {isa = PBXFileReference; lastKnownFileType = sourcecode.swift; path = AudioTourPlayerService.swift; sourceTree = "<group>"; };
		B974B067198D1610EBEF7815 /* LocationImageService.swift */ = {isa = PBXFileReference; lastKnownFileType = sourcecode.swift; path = LocationImageService.swift; sourceTree = "<group>"; };
		BA2F98453DEADECB71E16782 /* Assets.xcassets */ = {isa = PBXFileReference; lastKnownFileType = folder.assetcatalog; path = Assets.xcassets; sourceTree = "<group>"; };
		CD75AA154E71DE7218CA55A5 /* ChatView.swift */ = {isa = PBXFileReference; lastKnownFileType = sourcecode.swift; path = ChatView.swift; sourceTree = "<group>"; };
		D74C64F99CEED16BD685ECE9 /* AppContainer.swift */ = {isa = PBXFileReference; lastKnownFileType = sourcecode.swift; path = AppContainer.swift; sourceTree = "<group>"; };
		E094D9024A82890366FCAC13 /* PreferenceService.swift */ = {isa = PBXFileReference; lastKnownFileType = sourcecode.swift; path = PreferenceService.swift; sourceTree = "<group>"; };
		E1720742A609881B207445AA /* AudioTourDownloadService.swift */ = {isa = PBXFileReference; lastKnownFileType = sourcecode.swift; path = AudioTourDownloadService.swift; sourceTree = "<group>"; };
		EEE636F498C79E41A5A081AC /* TripBottomSheet.swift */ = {isa = PBXFileReference; lastKnownFileType = sourcecode.swift; path = TripBottomSheet.swift; sourceTree = "<group>"; };
		F81C251DF327BC10ABD2A4F3 /* StopDetailView.swift */ = {isa = PBXFileReference; lastKnownFileType = sourcecode.swift; path = StopDetailView.swift; sourceTree = "<group>"; };
		FB44DB204B27325B8E3A07CA /* LocalTripReview.swift */ = {isa = PBXFileReference; lastKnownFileType = sourcecode.swift; path = LocalTripReview.swift; sourceTree = "<group>"; };
		FBBA45B0EA005D33C12B55DF /* PlaceDetailSheet.swift */ = {isa = PBXFileReference; lastKnownFileType = sourcecode.swift; path = PlaceDetailSheet.swift; sourceTree = "<group>"; };
		FC11E68B4F2766203A55CE93 /* AudioTourSetupSheet.swift */ = {isa = PBXFileReference; lastKnownFileType = sourcecode.swift; path = AudioTourSetupSheet.swift; sourceTree = "<group>"; };
		FDE86BFA79DC3FF927073AD5 /* DayMapView.swift */ = {isa = PBXFileReference; lastKnownFileType = sourcecode.swift; path = DayMapView.swift; sourceTree = "<group>"; };
		FF3A0AACE3740C3D42AD9C5D /* AudioTourStatus.swift */ = {isa = PBXFileReference; lastKnownFileType = sourcecode.swift; path = AudioTourStatus.swift; sourceTree = "<group>"; };
		FFAFD8FA34E8B9B2EB2C3717 /* TripExecutionState.swift */ = {isa = PBXFileReference; lastKnownFileType = sourcecode.swift; path = TripExecutionState.swift; sourceTree = "<group>"; };
/* End PBXFileReference section */

/* Begin PBXGroup section */
		0BC7BA00A76E6DC9899DFCD6 /* Services */ = {
			isa = PBXGroup;
			children = (
				8B77B52EFBEADF998ECA1131 /* AudioTourAPIService.swift */,
				E1720742A609881B207445AA /* AudioTourDownloadService.swift */,
				B52D401D959F1C7F06A6D92F /* AudioTourPlayerService.swift */,
				A23E0E756298105601F165B7 /* ChatAPIService.swift */,
				B974B067198D1610EBEF7815 /* LocationImageService.swift */,
				E094D9024A82890366FCAC13 /* PreferenceService.swift */,
				151B39ED672ABA2005174F24 /* ReviewRepository.swift */,
				9F2B29DD63147E221D4C2122 /* SampleTripService.swift */,
				63B75E25035E728422C793E4 /* TripExecutionService.swift */,
				43AAE84A1ED2BFA00378DD70 /* TripImportService.swift */,
				1E2CC621DB71898720BE97F0 /* TripRepository.swift */,
			);
			path = Services;
			sourceTree = "<group>";
		};
		2F11FCA441209BB73EFBD05B = {
			isa = PBXGroup;
			children = (
				CC062643DD5B56C52B45640F /* wanderAI */,
				9770C9D54D7061C7F971E061 /* Products */,
			);
			sourceTree = "<group>";
		};
		3D51F9B78C5C27D0D9EC8888 /* Chat */ = {
			isa = PBXGroup;
			children = (
				CD75AA154E71DE7218CA55A5 /* ChatView.swift */,
				91BCFD94ED0C659C650E7F6B /* ContextBannerView.swift */,
				FBBA45B0EA005D33C12B55DF /* PlaceDetailSheet.swift */,
				9E4F9D33A9BBAFF7B093FE27 /* PlacesBoardView.swift */,
			);
			path = Chat;
			sourceTree = "<group>";
		};
		600D91BA093B85BD748435C2 /* Profile */ = {
			isa = PBXGroup;
			children = (
				5A122C3F78C783AAD687897F /* PreferenceEditorSheet.swift */,
				148E24C0CF5C518B7F88BC9A /* ProfileView.swift */,
			);
			path = Profile;
			sourceTree = "<group>";
		};
		6E96A8A4C00B4C818785246F /* MediaAssets */ = {
			isa = PBXGroup;
			children = (
				272455224A0E7888AE50FFB3 /* LoadingScreenImage.png */,
			);
			path = MediaAssets;
			sourceTree = "<group>";
		};
		75434A5E0A0EE54962E1A61C /* Persistence */ = {
			isa = PBXGroup;
			children = (
				2E58DB85E98F504B971CA107 /* LocalDestinationReview.swift */,
				FB44DB204B27325B8E3A07CA /* LocalTripReview.swift */,
				9031744B6360739814873AC3 /* StopExecutionState.swift */,
				5978D6C094B7AAFE6B41B145 /* StoredAudioTour.swift */,
				24CE45D36375919079FD7B6B /* StoredConversation.swift */,
				2F54D98EE03070897A7FF3A0 /* StoredPreferences.swift */,
				6EE32B381D1A2EA25B5F9DA8 /* StoredTrip.swift */,
				FFAFD8FA34E8B9B2EB2C3717 /* TripExecutionState.swift */,
			);
			path = Persistence;
			sourceTree = "<group>";
		};
		7F2DA0A1E61DF511D406CBF8 /* App */ = {
			isa = PBXGroup;
			children = (
				D74C64F99CEED16BD685ECE9 /* AppContainer.swift */,
				3FB3EFE0CFB69D018B634A5F /* AppRouter.swift */,
				6AD261E1401044E3A7A18151 /* WanderAIApp.swift */,
			);
			path = App;
			sourceTree = "<group>";
		};
		8AF7891F366567429709F93A /* MyTrips */ = {
			isa = PBXGroup;
			children = (
				97504FAC9A19A4FDA601D7CE /* MyTripsView.swift */,
				275B9ACB927090A07CCDC184 /* TripCard.swift */,
				B0BC0C0EC68421DBA6CCB4F1 /* TripIntroView.swift */,
			);
			path = MyTrips;
			sourceTree = "<group>";
		};
		8DFBCEB1B9838125450AEDF8 /* ViewModels */ = {
			isa = PBXGroup;
			children = (
				4694F26CDBF9D4197F90E78F /* AIConversationStore.swift */,
				67A42931275D09398EE365E4 /* AudioTourViewModel.swift */,
				40BFF23255B4E959292735A3 /* ChatViewModel.swift */,
				3234FDEE2F16C6D90BC9B9A9 /* TripMapViewModel.swift */,
			);
			path = ViewModels;
			sourceTree = "<group>";
		};
		919EF7AFD7EA7A30881A542A /* Views */ = {
			isa = PBXGroup;
			children = (
				3D51F9B78C5C27D0D9EC8888 /* Chat */,
				DFC54A9270246FF6573B8E01 /* Components */,
				8AF7891F366567429709F93A /* MyTrips */,
				600D91BA093B85BD748435C2 /* Profile */,
				E3DB16D7564C22DF2DFDFAEB /* Root */,
				A8C272E9590F66B9DF172341 /* TripMap */,
			);
			path = Views;
			sourceTree = "<group>";
		};
		9770C9D54D7061C7F971E061 /* Products */ = {
			isa = PBXGroup;
			children = (
				08DDDC15E417FD04CE125D6E /* wanderAI.app */,
			);
			name = Products;
			sourceTree = "<group>";
		};
		A8C272E9590F66B9DF172341 /* TripMap */ = {
			isa = PBXGroup;
			children = (
				F81C251DF327BC10ABD2A4F3 /* StopDetailView.swift */,
				EEE636F498C79E41A5A081AC /* TripBottomSheet.swift */,
				1842B48F6A2C877BF11FC005 /* TripExecutionView.swift */,
				2769179E77F7BFB9E9DFC165 /* TripMapView.swift */,
			);
			path = TripMap;
			sourceTree = "<group>";
		};
		ABF00648226DD49DC3CFB2AD /* DTO */ = {
			isa = PBXGroup;
			children = (
				882CAA932B664EDCEB4F63CA /* AIConversationContext.swift */,
				7DEB6B85EEE0B5F6BCC8691C /* AudioTourAPIModels.swift */,
				FF3A0AACE3740C3D42AD9C5D /* AudioTourStatus.swift */,
				7CD9C00B6B8AB0774A84AE47 /* ChatModels.swift */,
				612AECF2B5E9C0B86BD89777 /* PreferenceExportDocument.swift */,
				887E8BAAE6FBA962752B7074 /* TripImportDocument.swift */,
				72C8416F2B10548138BE13EE /* TripImportV2.swift */,
			);
			path = DTO;
			sourceTree = "<group>";
		};
		C9CB76E2DFCA6FCE1008E416 /* Resources */ = {
			isa = PBXGroup;
			children = (
				8286C64A40EFADC3208A5BF6 /* sample_trip.json */,
				DBE7D0D4B8FBD131D97450A2 /* Images */,
			);
			path = Resources;
			sourceTree = "<group>";
		};
		CC062643DD5B56C52B45640F /* wanderAI */ = {
			isa = PBXGroup;
			children = (
				BA2F98453DEADECB71E16782 /* Assets.xcassets */,
				7F2DA0A1E61DF511D406CBF8 /* App */,
				6E96A8A4C00B4C818785246F /* MediaAssets */,
				D0D88825D28BC0FAA5B33477 /* Models */,
				C9CB76E2DFCA6FCE1008E416 /* Resources */,
				0BC7BA00A76E6DC9899DFCD6 /* Services */,
				8DFBCEB1B9838125450AEDF8 /* ViewModels */,
				919EF7AFD7EA7A30881A542A /* Views */,
			);
			path = wanderAI;
			sourceTree = "<group>";
		};
		D0D88825D28BC0FAA5B33477 /* Models */ = {
			isa = PBXGroup;
			children = (
				ABF00648226DD49DC3CFB2AD /* DTO */,
				75434A5E0A0EE54962E1A61C /* Persistence */,
			);
			path = Models;
			sourceTree = "<group>";
		};
		DBE7D0D4B8FBD131D97450A2 /* Images */ = {
			isa = PBXGroup;
			children = (
				8F6C4AD6A185D9C304FA2757 /* AppIcon.png */,
			);
			path = Images;
			sourceTree = "<group>";
		};
		DFC54A9270246FF6573B8E01 /* Components */ = {
			isa = PBXGroup;
			children = (
				165EB4DF93379F49AE1984CF /* AudioTourCard.swift */,
				990BEF023AEE526F24FE148C /* AudioTourPlayerView.swift */,
				FC11E68B4F2766203A55CE93 /* AudioTourSetupSheet.swift */,
				FDE86BFA79DC3FF927073AD5 /* DayMapView.swift */,
				5512114D86C092D8028D7A8A /* ExecutionStopCard.swift */,
				8D7CE41B80B27745D7020073 /* StopReviewSheet.swift */,
			);
			path = Components;
			sourceTree = "<group>";
		};
		E3DB16D7564C22DF2DFDFAEB /* Root */ = {
			isa = PBXGroup;
			children = (
				7B0A20E3D697B750FCE6691D /* HomeView.swift */,
				AFD239CBAC54A39861F3E18C /* MainTabView.swift */,
				6EFBA532D580E6D2055C5A9E /* SplashScreenView.swift */,
			);
			path = Root;
			sourceTree = "<group>";
		};
/* End PBXGroup section */

/* Begin PBXNativeTarget section */
		2364B9413C7B1C4703E8CE90 /* wanderAI */ = {
			isa = PBXNativeTarget;
			buildConfigurationList = 3870A3C3DA6BDB99B6AB4982 /* Build configuration list for PBXNativeTarget "wanderAI" */;
			buildPhases = (
				B24449C6356A7409E402D853 /* Sources */,
				C3D5C951EA40C8C1FFE33317 /* Resources */,
			);
			buildRules = (
			);
			dependencies = (
			);
			name = wanderAI;
			packageProductDependencies = (
			);
			productName = wanderAI;
			productReference = 08DDDC15E417FD04CE125D6E /* wanderAI.app */;
			productType = "com.apple.product-type.application";
		};
/* End PBXNativeTarget section */

/* Begin PBXProject section */
		1D59EB4DBBCEDD6B3411CAE0 /* Project object */ = {
			isa = PBXProject;
			attributes = {
				BuildIndependentTargetsInParallel = YES;
				LastUpgradeCheck = 1500;
				TargetAttributes = {
					2364B9413C7B1C4703E8CE90 = {
						DevelopmentTeam = "";
					};
				};
			};
			buildConfigurationList = 3E08A669D22E45C7A48D2147 /* Build configuration list for PBXProject "wanderAI" */;
			developmentRegion = en;
			hasScannedForEncodings = 0;
			knownRegions = (
				Base,
				en,
			);
			mainGroup = 2F11FCA441209BB73EFBD05B;
			minimizedProjectReferenceProxies = 1;
			preferredProjectObjectVersion = 77;
			productRefGroup = 9770C9D54D7061C7F971E061 /* Products */;
			projectDirPath = "";
			projectRoot = "";
			targets = (
				2364B9413C7B1C4703E8CE90 /* wanderAI */,
			);
		};
/* End PBXProject section */

/* Begin PBXResourcesBuildPhase section */
		C3D5C951EA40C8C1FFE33317 /* Resources */ = {
			isa = PBXResourcesBuildPhase;
			buildActionMask = 2147483647;
			files = (
				2A1C3F23572EC6AAADB6D7EF /* AppIcon.png in Resources */,
				E2A2471BAD2F0C8555351BFA /* Assets.xcassets in Resources */,
				53C2D9DC23B445499A01F8BF /* LoadingScreenImage.png in Resources */,
				758E753A14801CAF50E6D428 /* sample_trip.json in Resources */,
			);
			runOnlyForDeploymentPostprocessing = 0;
		};
/* End PBXResourcesBuildPhase section */

/* Begin PBXSourcesBuildPhase section */
		B24449C6356A7409E402D853 /* Sources */ = {
			isa = PBXSourcesBuildPhase;
			buildActionMask = 2147483647;
			files = (
				A929CD2EE6DB85B4EABC737C /* AIConversationContext.swift in Sources */,
				FF2B677968DBF0F3E213D65E /* AIConversationStore.swift in Sources */,
				9EDDBEF2B5F3D10009FD5F81 /* AppContainer.swift in Sources */,
				C3F50F87DD1F64C19C9FCF60 /* AppRouter.swift in Sources */,
				31A9719B9E79C15E80B2E007 /* AudioTourAPIModels.swift in Sources */,
				E8ABB638D012ED03A52B15EA /* AudioTourAPIService.swift in Sources */,
				BB4C9C2A3C64BD6A30F39481 /* AudioTourCard.swift in Sources */,
				AE0CB70D9E5AC89B9E28554D /* AudioTourDownloadService.swift in Sources */,
				8205024E3B3725B472591C4D /* AudioTourPlayerService.swift in Sources */,
				5C07716E6BA76EF7F18FB493 /* AudioTourPlayerView.swift in Sources */,
				05E85BA181DD74AABA68FC81 /* AudioTourSetupSheet.swift in Sources */,
				3E610470BAD305A337056163 /* AudioTourStatus.swift in Sources */,
				16440F221E53968521D20EDB /* AudioTourViewModel.swift in Sources */,
				8E5650E6790A7EF7ED95578D /* ChatAPIService.swift in Sources */,
				8C6CB12159FEB1A3C3B4005B /* ChatModels.swift in Sources */,
				16464845E88824D2FB51C808 /* ChatView.swift in Sources */,
				7E59BEDF942E966E6ED2977D /* ChatViewModel.swift in Sources */,
				1309D9AFB4385F544EA74F1D /* ContextBannerView.swift in Sources */,
				8F9589518A61FE527FC4DFD9 /* DayMapView.swift in Sources */,
				A88CE8F0253B3071B01C2D7C /* ExecutionStopCard.swift in Sources */,
				9AC89A33911BBA07575B4E16 /* HomeView.swift in Sources */,
				D7EF66AF0D927BEC878E4027 /* LocalDestinationReview.swift in Sources */,
				EC8CCC6D521AF639487B7844 /* LocalTripReview.swift in Sources */,
				7A8FC6577CFCED6E92432D3A /* LocationImageService.swift in Sources */,
				31DCE8C947F7F736DB8FBBCB /* MainTabView.swift in Sources */,
				04189631CF870AA155336F78 /* MyTripsView.swift in Sources */,
				2CCFF08DB28D2C6166C3B340 /* PlaceDetailSheet.swift in Sources */,
				2AA57DD0A708B2A6BB434913 /* PlacesBoardView.swift in Sources */,
				7D493A9F4B94802E96328A3A /* PreferenceEditorSheet.swift in Sources */,
				6FBFF0A083AF68C1A1EDE2DB /* PreferenceExportDocument.swift in Sources */,
				A03EF15D5FCDE9C3DE374C83 /* PreferenceService.swift in Sources */,
				4B6800F8AA6F71681A1187A2 /* ProfileView.swift in Sources */,
				1F7D85834BCE2313DD60F192 /* ReviewRepository.swift in Sources */,
				390A971FF7FBB2342318D5C4 /* SampleTripService.swift in Sources */,
				FB036C1F5574CC3BE43F8139 /* SplashScreenView.swift in Sources */,
				EF390A08970275C0769CA448 /* StopDetailView.swift in Sources */,
				2EC7EAFA461265BD715F5AD1 /* StopExecutionState.swift in Sources */,
				E6BF60253FA3322D3915B8A2 /* StopReviewSheet.swift in Sources */,
				6BDAB62EF68B373DFF1ABE48 /* StoredAudioTour.swift in Sources */,
				F231A4EB8DF1569617179597 /* StoredConversation.swift in Sources */,
				D6EA4596430B83527E9ACF15 /* StoredPreferences.swift in Sources */,
				5E483A35429E3E2E784CA11B /* StoredTrip.swift in Sources */,
				F4C4E64FD46C736E9087B443 /* TripBottomSheet.swift in Sources */,
				F1A8EEFFAB34E760DE37AAB1 /* TripCard.swift in Sources */,
				FAFD33C399BE7D2AFD59BD0D /* TripExecutionService.swift in Sources */,
				15B59CA8A876BF3CEFC50C9C /* TripExecutionState.swift in Sources */,
				043CB15CC8083DA5E367272B /* TripExecutionView.swift in Sources */,
				07D4F21928C44CB41E3C902B /* TripImportDocument.swift in Sources */,
				2FB5AB6F23CCE1152674EE5D /* TripImportService.swift in Sources */,
				1B049EBFC62C5128D9A3DED4 /* TripImportV2.swift in Sources */,
				F31E06A1AF7FCA69B7AA2EB4 /* TripIntroView.swift in Sources */,
				09054D6357ABC53284C2397C /* TripMapView.swift in Sources */,
				025654866AFF3D381971E0EF /* TripMapViewModel.swift in Sources */,
				17C10CADD1572932681EEF32 /* TripRepository.swift in Sources */,
				A603F6CAA9839DC7983C2893 /* WanderAIApp.swift in Sources */,
			);
			runOnlyForDeploymentPostprocessing = 0;
		};
/* End PBXSourcesBuildPhase section */

/* Begin XCBuildConfiguration section */
		02C4F6517511CA8FA2F7C09E /* Debug */ = {
			isa = XCBuildConfiguration;
			buildSettings = {
				ASSETCATALOG_COMPILER_APPICON_NAME = AppIcon;
				CODE_SIGN_IDENTITY = "iPhone Developer";
				CURRENT_PROJECT_VERSION = 1;
				GENERATE_INFOPLIST_FILE = YES;
				INFOPLIST_GENERATION_MODE = GeneratedFile;
				INFOPLIST_KEY_UIApplicationSceneManifest_Generation = YES;
				INFOPLIST_KEY_UIApplicationSupportsIndirectInputEvents = YES;
				INFOPLIST_KEY_UILaunchScreen_Generation = YES;
				INFOPLIST_KEY_UISupportedInterfaceOrientations_iPhone = "UIInterfaceOrientationPortrait UIInterfaceOrientationLandscapeLeft UIInterfaceOrientationLandscapeRight";
				LD_RUNPATH_SEARCH_PATHS = (
					"$(inherited)",
					"@executable_path/Frameworks",
				);
				MARKETING_VERSION = 0.1.0;
				PRODUCT_BUNDLE_IDENTIFIER = com.wanderai.app;
				SDKROOT = iphoneos;
				SWIFT_EMIT_LOC_STRINGS = YES;
				TARGETED_DEVICE_FAMILY = "1,2";
			};
			name = Debug;
		};
		509B25B1365C648A81A01BC0 /* Release */ = {
			isa = XCBuildConfiguration;
			buildSettings = {
				ALWAYS_SEARCH_USER_PATHS = NO;
				CLANG_ANALYZER_NONNULL = YES;
				CLANG_ANALYZER_NUMBER_OBJECT_CONVERSION = YES_AGGRESSIVE;
				CLANG_CXX_LANGUAGE_STANDARD = "gnu++14";
				CLANG_CXX_LIBRARY = "libc++";
				CLANG_ENABLE_MODULES = YES;
				CLANG_ENABLE_OBJC_ARC = YES;
				CLANG_ENABLE_OBJC_WEAK = YES;
				CLANG_WARN_BLOCK_CAPTURE_AUTORELEASING = YES;
				CLANG_WARN_BOOL_CONVERSION = YES;
				CLANG_WARN_COMMA = YES;
				CLANG_WARN_CONSTANT_CONVERSION = YES;
				CLANG_WARN_DEPRECATED_OBJC_IMPLEMENTATIONS = YES;
				CLANG_WARN_DIRECT_OBJC_ISA_USAGE = YES_ERROR;
				CLANG_WARN_DOCUMENTATION_COMMENTS = YES;
				CLANG_WARN_EMPTY_BODY = YES;
				CLANG_WARN_ENUM_CONVERSION = YES;
				CLANG_WARN_INFINITE_RECURSION = YES;
				CLANG_WARN_INT_CONVERSION = YES;
				CLANG_WARN_NON_LITERAL_NULL_CONVERSION = YES;
				CLANG_WARN_OBJC_IMPLICIT_RETAIN_SELF = YES;
				CLANG_WARN_OBJC_LITERAL_CONVERSION = YES;
				CLANG_WARN_OBJC_ROOT_CLASS = YES_ERROR;
				CLANG_WARN_QUOTED_INCLUDE_IN_FRAMEWORK_HEADER = YES;
				CLANG_WARN_RANGE_LOOP_ANALYSIS = YES;
				CLANG_WARN_STRICT_PROTOTYPES = YES;
				CLANG_WARN_SUSPICIOUS_MOVE = YES;
				CLANG_WARN_UNGUARDED_AVAILABILITY = YES_AGGRESSIVE;
				CLANG_WARN_UNREACHABLE_CODE = YES;
				CLANG_WARN__DUPLICATE_METHOD_MATCH = YES;
				COPY_PHASE_STRIP = NO;
				DEBUG_INFORMATION_FORMAT = "dwarf-with-dsym";
				DEVELOPMENT_TEAM = "";
				ENABLE_NS_ASSERTIONS = NO;
				ENABLE_STRICT_OBJC_MSGSEND = YES;
				GCC_C_LANGUAGE_STANDARD = gnu11;
				GCC_NO_COMMON_BLOCKS = YES;
				GCC_WARN_64_TO_32_BIT_CONVERSION = YES;
				GCC_WARN_ABOUT_RETURN_TYPE = YES_ERROR;
				GCC_WARN_UNDECLARED_SELECTOR = YES;
				GCC_WARN_UNINITIALIZED_AUTOS = YES_AGGRESSIVE;
				GCC_WARN_UNUSED_FUNCTION = YES;
				GCC_WARN_UNUSED_VARIABLE = YES;
				IPHONEOS_DEPLOYMENT_TARGET = 17.0;
				MTL_ENABLE_DEBUG_INFO = NO;
				MTL_FAST_MATH = YES;
				PRODUCT_NAME = "$(TARGET_NAME)";
				SDKROOT = iphoneos;
				SWIFT_COMPILATION_MODE = wholemodule;
				SWIFT_OPTIMIZATION_LEVEL = "-O";
				SWIFT_VERSION = 5.9;
			};
			name = Release;
		};
		73DA259D32EA554A567ECDB1 /* Debug */ = {
			isa = XCBuildConfiguration;
			buildSettings = {
				ALWAYS_SEARCH_USER_PATHS = NO;
				CLANG_ANALYZER_NONNULL = YES;
				CLANG_ANALYZER_NUMBER_OBJECT_CONVERSION = YES_AGGRESSIVE;
				CLANG_CXX_LANGUAGE_STANDARD = "gnu++14";
				CLANG_CXX_LIBRARY = "libc++";
				CLANG_ENABLE_MODULES = YES;
				CLANG_ENABLE_OBJC_ARC = YES;
				CLANG_ENABLE_OBJC_WEAK = YES;
				CLANG_WARN_BLOCK_CAPTURE_AUTORELEASING = YES;
				CLANG_WARN_BOOL_CONVERSION = YES;
				CLANG_WARN_COMMA = YES;
				CLANG_WARN_CONSTANT_CONVERSION = YES;
				CLANG_WARN_DEPRECATED_OBJC_IMPLEMENTATIONS = YES;
				CLANG_WARN_DIRECT_OBJC_ISA_USAGE = YES_ERROR;
				CLANG_WARN_DOCUMENTATION_COMMENTS = YES;
				CLANG_WARN_EMPTY_BODY = YES;
				CLANG_WARN_ENUM_CONVERSION = YES;
				CLANG_WARN_INFINITE_RECURSION = YES;
				CLANG_WARN_INT_CONVERSION = YES;
				CLANG_WARN_NON_LITERAL_NULL_CONVERSION = YES;
				CLANG_WARN_OBJC_IMPLICIT_RETAIN_SELF = YES;
				CLANG_WARN_OBJC_LITERAL_CONVERSION = YES;
				CLANG_WARN_OBJC_ROOT_CLASS = YES_ERROR;
				CLANG_WARN_QUOTED_INCLUDE_IN_FRAMEWORK_HEADER = YES;
				CLANG_WARN_RANGE_LOOP_ANALYSIS = YES;
				CLANG_WARN_STRICT_PROTOTYPES = YES;
				CLANG_WARN_SUSPICIOUS_MOVE = YES;
				CLANG_WARN_UNGUARDED_AVAILABILITY = YES_AGGRESSIVE;
				CLANG_WARN_UNREACHABLE_CODE = YES;
				CLANG_WARN__DUPLICATE_METHOD_MATCH = YES;
				COPY_PHASE_STRIP = NO;
				DEBUG_INFORMATION_FORMAT = dwarf;
				DEVELOPMENT_TEAM = "";
				ENABLE_STRICT_OBJC_MSGSEND = YES;
				ENABLE_TESTABILITY = YES;
				GCC_C_LANGUAGE_STANDARD = gnu11;
				GCC_DYNAMIC_NO_PIC = NO;
				GCC_NO_COMMON_BLOCKS = YES;
				GCC_OPTIMIZATION_LEVEL = 0;
				GCC_PREPROCESSOR_DEFINITIONS = (
					"$(inherited)",
					"DEBUG=1",
				);
				GCC_WARN_64_TO_32_BIT_CONVERSION = YES;
				GCC_WARN_ABOUT_RETURN_TYPE = YES_ERROR;
				GCC_WARN_UNDECLARED_SELECTOR = YES;
				GCC_WARN_UNINITIALIZED_AUTOS = YES_AGGRESSIVE;
				GCC_WARN_UNUSED_FUNCTION = YES;
				GCC_WARN_UNUSED_VARIABLE = YES;
				IPHONEOS_DEPLOYMENT_TARGET = 17.0;
				MTL_ENABLE_DEBUG_INFO = INCLUDE_SOURCE;
				MTL_FAST_MATH = YES;
				ONLY_ACTIVE_ARCH = YES;
				PRODUCT_NAME = "$(TARGET_NAME)";
				SDKROOT = iphoneos;
				SWIFT_ACTIVE_COMPILATION_CONDITIONS = DEBUG;
				SWIFT_OPTIMIZATION_LEVEL = "-Onone";
				SWIFT_VERSION = 5.9;
			};
			name = Debug;
		};
		B92161591759B9E1D05CDD8A /* Release */ = {
			isa = XCBuildConfiguration;
			buildSettings = {
				ASSETCATALOG_COMPILER_APPICON_NAME = AppIcon;
				CODE_SIGN_IDENTITY = "iPhone Developer";
				CURRENT_PROJECT_VERSION = 1;
				GENERATE_INFOPLIST_FILE = YES;
				INFOPLIST_GENERATION_MODE = GeneratedFile;
				INFOPLIST_KEY_UIApplicationSceneManifest_Generation = YES;
				INFOPLIST_KEY_UIApplicationSupportsIndirectInputEvents = YES;
				INFOPLIST_KEY_UILaunchScreen_Generation = YES;
				INFOPLIST_KEY_UISupportedInterfaceOrientations_iPhone = "UIInterfaceOrientationPortrait UIInterfaceOrientationLandscapeLeft UIInterfaceOrientationLandscapeRight";
				LD_RUNPATH_SEARCH_PATHS = (
					"$(inherited)",
					"@executable_path/Frameworks",
				);
				MARKETING_VERSION = 0.1.0;
				PRODUCT_BUNDLE_IDENTIFIER = com.wanderai.app;
				SDKROOT = iphoneos;
				SWIFT_EMIT_LOC_STRINGS = YES;
				TARGETED_DEVICE_FAMILY = "1,2";
			};
			name = Release;
		};
/* End XCBuildConfiguration section */

/* Begin XCConfigurationList section */
		3870A3C3DA6BDB99B6AB4982 /* Build configuration list for PBXNativeTarget "wanderAI" */ = {
			isa = XCConfigurationList;
			buildConfigurations = (
				02C4F6517511CA8FA2F7C09E /* Debug */,
				B92161591759B9E1D05CDD8A /* Release */,
			);
			defaultConfigurationIsVisible = 0;
			defaultConfigurationName = Debug;
		};
		3E08A669D22E45C7A48D2147 /* Build configuration list for PBXProject "wanderAI" */ = {
			isa = XCConfigurationList;
			buildConfigurations = (
				73DA259D32EA554A567ECDB1 /* Debug */,
				509B25B1365C648A81A01BC0 /* Release */,
			);
			defaultConfigurationIsVisible = 0;
			defaultConfigurationName = Debug;
		};
/* End XCConfigurationList section */
	};
	rootObject = 1D59EB4DBBCEDD6B3411CAE0 /* Project object */;
}
